{
  "lockfile-version": 1,
  "manifest": {
    "version": 1,
    "install": {
      "python3": {
        "pkg-path": "python3",
        "version": ">=3.13"
      }
    },
    "hook": {
      "on-activate": "  export PYTHON_DIR=\"$FLOX_ENV_CACHE/venv\"\n  if [ ! -d \"$PYTHON_DIR\" ]; then\n    echo \"Creating virtual environment...\"\n    python -m venv \"$PYTHON_DIR\"\n    \"$PYTHON_DIR/bin/pip\" install -e \".[dev]\" --quiet\n  fi\n"
    },
    "profile": {
      "common": "  source \"$FLOX_ENV_CACHE/venv/bin/activate\"\n\n  alias lint='ruff check . && mypy .'\n  alias fmt='ruff format .'\n  alias test='pytest'\n  alias check='ruff check . && ruff format --check . && mypy . && pytest'\n"
    },
    "options": {
      "systems": [
        "aarch64-darwin",
        "aarch64-linux",
        "x86_64-darwin",
        "x86_64-linux"
      ]
    }
  },
  "packages": [
    {
      "attr_path": "python3",
      "broken": false,
      "derivation": "/nix/store/nw17mg9ry6n8msbclcsmikflmsxfyc49-python3-3.13.9.drv",
      "description": "High-level dynamically-typed programming language",
      "install_id": "python3",
      "license": "Python-2.0",
      "locked_url": "https://github.com/flox/nixpkgs?rev=5ae3b07d8d6527c42f17c876e404993199144b6a",
      "name": "python3-3.13.9",
      "pname": "python3",
      "rev": "5ae3b07d8d6527c42f17c876e404993199144b6a",
      "rev_count": 901419,
      "rev_date": "2025-11-24T06:39:56Z",
      "scrape_date": "2025-11-26T02:54:02.636551Z",
      "stabilities": [
        "staging",
        "unstable"
      ],
      "unfree": false,
      "version": "3.13.9",
      "outputs_to_install": [
        "out"
      ],
      "outputs": {
        "out": "/nix/store/xcjk9ill54kjk8mzgq6yydnx9015lidg-python3-3.13.9"
      },
      "system": "aarch64-darwin",
      "group": "toplevel",
      "priority": 5
    },
    {
      "attr_path": "python3",
      "broken": false,
      "derivation": "/nix/store/wwyws5fnssndfzcrzv7wdb7z9aaxdw53-python3-3.13.9.drv",
      "description": "High-level dynamically-typed programming language",
      "install_id": "python3",
      "license": "Python-2.0",
      "locked_url": "https://github.com/flox/nixpkgs?rev=5ae3b07d8d6527c42f17c876e404993199144b6a",
      "name": "python3-3.13.9",
      "pname": "python3",
      "rev": "5ae3b07d8d6527c42f17c876e404993199144b6a",
      "rev_count": 901419,
      "rev_date": "2025-11-24T06:39:56Z",
      "scrape_date": "2025-11-26T03:03:41.667585Z",
      "stabilities": [
        "staging",
        "unstable"
      ],
      "unfree": false,
      "version": "3.13.9",
      "outputs_to_install": [
        "out"
      ],
      "outputs": {
        "debug": "/nix/store/zls66rgq3hk2i6xxf8cb8nx24b906jz2-python3-3.13.9-debug",
        "out": "/nix/store/zc0vzc0vp0amc9iqm3cd542bmim6vh09-python3-3.13.9"
      },
      "system": "aarch64-linux",
      "group": "toplevel",
      "priority": 5
    },
    {
      "attr_path": "python3",
      "broken": false,
      "derivation": "/nix/store/95l2hya2qn3qpn6h215vqpqc69xr4fc0-python3-3.13.9.drv",
      "description": "High-level dynamically-typed programming language",
      "install_id": "python3",
      "license": "Python-2.0",
      "locked_url": "https://github.com/flox/nixpkgs?rev=5ae3b07d8d6527c42f17c876e404993199144b6a",
      "name": "python3-3.13.9",
      "pname": "python3",
      "rev": "5ae3b07d8d6527c42f17c876e404993199144b6a",
      "rev_count": 901419,
      "rev_date": "2025-11-24T06:39:56Z",
      "scrape_date": "2025-11-26T03:13:03.225147Z",
      "stabilities": [
        "staging",
        "unstable"
      ],
      "unfree": false,
      "version": "3.13.9",
      "outputs_to_install": [
        "out"
      ],
      "outputs": {
        "out": "/nix/store/84s01mzl74vh69aphpl3rf07pp49pkz0-python3-3.13.9"
      },
      "system": "x86_64-darwin",
      "group": "toplevel",
      "priority": 5
    },
    {
      "attr_path": "python3",
      "broken": false,
      "derivation": "/nix/store/2363rc2xjr8msl1bqp7hvzj7ypgckl8s-python3-3.13.9.drv",
      "description": "High-level dynamically-typed programming language",
      "install_id": "python3",
      "license": "Python-2.0",
      "locked_url": "https://github.com/flox/nixpkgs?rev=5ae3b07d8d6527c42f17c876e404993199144b6a",
      "name": "python3-3.13.9",
      "pname": "python3",
      "rev": "5ae3b07d8d6527c42f17c876e404993199144b6a",
      "rev_count": 901419,
      "rev_date": "2025-11-24T06:39:56Z",
      "scrape_date": "2025-11-26T03:22:46.730015Z",
      "stabilities": [
        "staging",
        "unstable"
      ],
      "unfree": false,
      "version": "3.13.9",
      "outputs_to_install": [
        "out"
      ],
      "outputs": {
        "debug": "/nix/store/7x8mp12az19wzadrdhjvrp731m9m3lpb-python3-3.13.9-debug",
        "out": "/nix/store/3lll9y925zz9393sa59h653xik66srjb-python3-3.13.9"
      },
      "system": "x86_64-linux",
      "group": "toplevel",
      "priority": 5
    }
  ]
}